// !$*UTF8*$!
{
	archiveVersion = 1;
	classes = {
	};
	objectVersion = 56;
	objects = {

/* Begin PBXBuildFile section */
		2A7C43152C32330500B40253 /* aatravelappApp.swift in Sources */ = {isa = PBXBuildFile; fileRef = 2A7C43142C32330500B40253 /* aatravelappApp.swift */; };
		2A7C43172C32330500B40253 /* ContentView.swift in Sources */ = {isa = PBXBuildFile; fileRef = 2A7C43162C32330500B40253 /* ContentView.swift */; };
		2A7C43192C32330600B40253 /* Assets.xcassets in Resources */ = {isa = PBXBuildFile; fileRef = 2A7C43182C32330600B40253 /* Assets.xcassets */; };
		2A7C431D2C32330600B40253 /* Preview Assets.xcassets in Resources */ = {isa = PBXBuildFile; fileRef = 2A7C431C2C32330600B40253 /* Preview Assets.xcassets */; };
		2A7C43272C32330600B40253 /* aatravelappTests.swift in Sources */ = {isa = PBXBuildFile; fileRef = 2A7C43262C32330600B40253 /* aatravelappTests.swift */; };
		2A7C43312C32330600B40253 /* aatravelappUITests.swift in Sources */ = {isa = PBXBuildFile; fileRef = 2A7C43302C32330600B40253 /* aatravelappUITests.swift */; };
		2A7C43332C32330600B40253 /* aatravelappUITestsLaunchTests.swift in Sources */ = {isa = PBXBuildFile; fileRef = 2A7C43322C32330600B40253 /* aatravelappUITestsLaunchTests.swift */; };
		2A7C43402C32332A00B40253 /* Account.swift in Sources */ = {isa = PBXBuildFile; fileRef = 2A7C433F2C32332A00B40253 /* Account.swift */; };
/* End PBXBuildFile section */

/* Begin PBXContainerItemProxy section */
		2A7C43232C32330600B40253 /* PBXContainerItemProxy */ = {
			isa = PBXContainerItemProxy;
			containerPortal = 2A7C43092C32330500B40253 /* Project object */;
			proxyType = 1;
			remoteGlobalIDString = 2A7C43102C32330500B40253;
			remoteInfo = aatravelapp;
		};
		2A7C432D2C32330600B40253 /* PBXContainerItemProxy */ = {
			isa = PBXContainerItemProxy;
			containerPortal = 2A7C43092C32330500B40253 /* Project object */;
			proxyType = 1;
			remoteGlobalIDString = 2A7C43102C32330500B40253;
			remoteInfo = aatravelapp;
		};
/* End PBXContainerItemProxy section */

/* Begin PBXFileReference section */
		2A7C43112C32330500B40253 /* aatravelapp.app */ = {isa = PBXFileReference; explicitFileType = wrapper.application; includeInIndex = 0; path = aatravelapp.app; sourceTree = BUILT_PRODUCTS_DIR; };
		2A7C43142C32330500B40253 /* aatravelappApp.swift */ = {isa = PBXFileReference; lastKnownFileType = sourcecode.swift; path = aatravelappApp.swift; sourceTree = "<group>"; };
		2A7C43162C32330500B40253 /* ContentView.swift */ = {isa = PBXFileReference; lastKnownFileType = sourcecode.swift; path = ContentView.swift; sourceTree = "<group>"; };
		2A7C43182C32330600B40253 /* Assets.xcassets */ = {isa = PBXFileReference; lastKnownFileType = folder.assetcatalog; path = Assets.xcassets; sourceTree = "<group>"; };
		2A7C431A2C32330600B40253 /* aatravelapp.entitlements */ = {isa = PBXFileReference; lastKnownFileType = text.plist.entitlements; path = aatravelapp.entitlements; sourceTree = "<group>"; };
		2A7C431C2C32330600B40253 /* Preview Assets.xcassets */ = {isa = PBXFileReference; lastKnownFileType = folder.assetcatalog; path = "Preview Assets.xcassets"; sourceTree = "<group>"; };
		2A7C43222C32330600B40253 /* aatravelappTests.xctest */ = {isa = PBXFileReference; explicitFileType = wrapper.cfbundle; includeInIndex = 0; path = aatravelappTests.xctest; sourceTree = BUILT_PRODUCTS_DIR; };
		2A7C43262C32330600B40253 /* aatravelappTests.swift */ = {isa = PBXFileReference; lastKnownFileType = sourcecode.swift; path = aatravelappTests.swift; sourceTree = "<group>"; };
		2A7C432C2C32330600B40253 /* aatravelappUITests.xctest */ = {isa = PBXFileReference; explicitFileType = wrapper.cfbundle; includeInIndex = 0; path = aatravelappUITests.xctest; sourceTree = BUILT_PRODUCTS_DIR; };
		2A7C43302C32330600B40253 /* aatravelappUITests.swift */ = {isa = PBXFileReference; lastKnownFileType = sourcecode.swift; path = aatravelappUITests.swift; sourceTree = "<group>"; };
		2A7C43322C32330600B40253 /* aatravelappUITestsLaunchTests.swift */ = {isa = PBXFileReference; lastKnownFileType = sourcecode.swift; path = aatravelappUITestsLaunchTests.swift; sourceTree = "<group>"; };
		2A7C433F2C32332A00B40253 /* Account.swift */ = {isa = PBXFileReference; lastKnownFileType = sourcecode.swift; path = Account.swift; sourceTree = "<group>"; };
/* End PBXFileReference section */

/* Begin PBXFrameworksBuildPhase section */
		2A7C430E2C32330500B40253 /* Frameworks */ = {
			isa = PBXFrameworksBuildPhase;
			buildActionMask = 2147483647;
			files = (
			);
			runOnlyForDeploymentPostprocessing = 0;
		};
		2A7C431F2C32330600B40253 /* Frameworks */ = {
			isa = PBXFrameworksBuildPhase;
			buildActionMask = 2147483647;
			files = (
			);
			runOnlyForDeploymentPostprocessing = 0;
		};
		2A7C43292C32330600B40253 /* Frameworks */ = {
			isa = PBXFrameworksBuildPhase;
			buildActionMask = 2147483647;
			files = (
			);
			runOnlyForDeploymentPostprocessing = 0;
		};
/* End PBXFrameworksBuildPhase section */

/* Begin PBXGroup section */
		2A7C43082C32330500B40253 = {
			isa = PBXGroup;
			children = (
				2A7C43132C32330500B40253 /* aatravelapp */,
				2A7C43252C32330600B40253 /* aatravelappTests */,
				2A7C432F2C32330600B40253 /* aatravelappUITests */,
				2A7C43122C32330500B40253 /* Products */,
			);
			sourceTree = "<group>";
		};
		2A7C43122C32330500B40253 /* Products */ = {
			isa = PBXGroup;
			children = (
				2A7C43112C32330500B40253 /* aatravelapp.app */,
				2A7C43222C32330600B40253 /* aatravelappTests.xctest */,
				2A7C432C2C32330600B40253 /* aatravelappUITests.xctest */,
			);
			name = Products;
			sourceTree = "<group>";
		};
		2A7C43132C32330500B40253 /* aatravelapp */ = {
			isa = PBXGroup;
			children = (
				2A7C43142C32330500B40253 /* aatravelappApp.swift */,
				2A7C433F2C32332A00B40253 /* Account.swift */,
				2A7C43162C32330500B40253 /* ContentView.swift */,
				2A7C43182C32330600B40253 /* Assets.xcassets */,
				2A7C431A2C32330600B40253 /* aatravelapp.entitlements */,
				2A7C431B2C32330600B40253 /* Preview Content */,
			);
			path = aatravelapp;
			sourceTree = "<group>";
		};
		2A7C431B2C32330600B40253 /* Preview Content */ = {
			isa = PBXGroup;
			children = (
				2A7C431C2C32330600B40253 /* Preview Assets.xcassets */,
			);
			path = "Preview Content";
			sourceTree = "<group>";
		};
		2A7C43252C32330600B40253 /* aatravelappTests */ = {
			isa = PBXGroup;
			children = (
				2A7C43262C32330600B40253 /* aatravelappTests.swift */,
			);
			path = aatravelappTests;
			sourceTree = "<group>";
		};
		2A7C432F2C32330600B40253 /* aatravelappUITests */ = {
			isa = PBXGroup;
			children = (
				2A7C43302C32330600B40253 /* aatravelappUITests.swift */,
				2A7C43322C32330600B40253 /* aatravelappUITestsLaunchTests.swift */,
			);
			path = aatravelappUITests;
			sourceTree = "<group>";
		};
/* End PBXGroup section */

/* Begin PBXNativeTarget section */
		2A7C43102C32330500B40253 /* aatravelapp */ = {
			isa = PBXNativeTarget;
			buildConfigurationList = 2A7C43362C32330600B40253 /* Build configuration list for PBXNativeTarget "aatravelapp" */;
			buildPhases = (
				2A7C430D2C32330500B40253 /* Sources */,
				2A7C430E2C32330500B40253 /* Frameworks */,
				2A7C430F2C32330500B40253 /* Resources */,
			);
			buildRules = (
			);
			dependencies = (
			);
			name = aatravelapp;
			productName = aatravelapp;
			productReference = 2A7C43112C32330500B40253 /* aatravelapp.app */;
			productType = "com.apple.product-type.application";
		};
		2A7C43212C32330600B40253 /* aatravelappTests */ = {
			isa = PBXNativeTarget;
			buildConfigurationList = 2A7C43392C32330600B40253 /* Build configuration list for PBXNativeTarget "aatravelappTests" */;
			buildPhases = (
				2A7C431E2C32330600B40253 /* Sources */,
				2A7C431F2C32330600B40253 /* Frameworks */,
				2A7C43202C32330600B40253 /* Resources */,
			);
			buildRules = (
			);
			dependencies = (
				2A7C43242C32330600B40253 /* PBXTargetDependency */,
			);
			name = aatravelappTests;
			productName = aatravelappTests;
			productReference = 2A7C43222C32330600B40253 /* aatravelappTests.xctest */;
			productType = "com.apple.product-type.bundle.unit-test";
		};
		2A7C432B2C32330600B40253 /* aatravelappUITests */ = {
			isa = PBXNativeTarget;
			buildConfigurationList = 2A7C433C2C32330600B40253 /* Build configuration list for PBXNativeTarget "aatravelappUITests" */;
			buildPhases = (
				2A7C43282C32330600B40253 /* Sources */,
				2A7C43292C32330600B40253 /* Frameworks */,
				2A7C432A2C32330600B40253 /* Resources */,
			);
			buildRules = (
			);
			dependencies = (
				2A7C432E2C32330600B40253 /* PBXTargetDependency */,
			);
			name = aatravelappUITests;
			productName = aatravelappUITests;
			productReference = 2A7C432C2C32330600B40253 /* aatravelappUITests.xctest */;
			productType = "com.apple.product-type.bundle.ui-testing";
		};
/* End PBXNativeTarget section */

/* Begin PBXProject section */
		2A7C43092C32330500B40253 /* Project object */ = {
			isa = PBXProject;
			attributes = {
				BuildIndependentTargetsInParallel = 1;
				LastSwiftUpdateCheck = 1520;
				LastUpgradeCheck = 1520;
				TargetAttributes = {
					2A7C43102C32330500B40253 = {
						CreatedOnToolsVersion = 15.2;
					};
					2A7C43212C32330600B40253 = {
						CreatedOnToolsVersion = 15.2;
						TestTargetID = 2A7C43102C32330500B40253;
					};
					2A7C432B2C32330600B40253 = {
						CreatedOnToolsVersion = 15.2;
						TestTargetID = 2A7C43102C32330500B40253;
					};
				};
			};
			buildConfigurationList = 2A7C430C2C32330500B40253 /* Build configuration list for PBXProject "aatravelapp" */;
			compatibilityVersion = "Xcode 14.0";
			developmentRegion = en;
			hasScannedForEncodings = 0;
			knownRegions = (
				en,
				Base,
			);
			mainGroup = 2A7C43082C32330500B40253;
			productRefGroup = 2A7C43122C32330500B40253 /* Products */;
			projectDirPath = "";
			projectRoot = "";
			targets = (
				2A7C43102C32330500B40253 /* aatravelapp */,
				2A7C43212C32330600B40253 /* aatravelappTests */,
				2A7C432B2C32330600B40253 /* aatravelappUITests */,
			);
		};
/* End PBXProject section */

/* Begin PBXResourcesBuildPhase section */
		2A7C430F2C32330500B40253 /* Resources */ = {
			isa = PBXResourcesBuildPhase;
			buildActionMask = 2147483647;
			files = (
				2A7C431D2C32330600B40253 /* Preview Assets.xcassets in Resources */,
				2A7C43192C32330600B40253 /* Assets.xcassets in Resources */,
			);
			runOnlyForDeploymentPostprocessing = 0;
		};
		2A7C43202C32330600B40253 /* Resources */ = {
			isa = PBXResourcesBuildPhase;
			buildActionMask = 2147483647;
			files = (
			);
			runOnlyForDeploymentPostprocessing = 0;
		};
		2A7C432A2C32330600B40253 /* Resources */ = {
			isa = PBXResourcesBuildPhase;
			buildActionMask = 2147483647;
			files = (
			);
			runOnlyForDeploymentPostprocessing = 0;
		};
/* End PBXResourcesBuildPhase section */

/* Begin PBXSourcesBuildPhase section */
		2A7C430D2C32330500B40253 /* Sources */ = {
			isa = PBXSourcesBuildPhase;
			buildActionMask = 2147483647;
			files = (
				2A7C43172C32330500B40253 /* ContentView.swift in Sources */,
				2A7C43152C32330500B40253 /* aatravelappApp.swift in Sources */,
				2A7C43402C32332A00B40253 /* Account.swift in Sources */,
			);
			runOnlyForDeploymentPostprocessing = 0;
		};
		2A7C431E2C32330600B40253 /* Sources */ = {
			isa = PBXSourcesBuildPhase;
			buildActionMask = 2147483647;
			files = (
				2A7C43272C32330600B40253 /* aatravelappTests.swift in Sources */,
			);
			runOnlyForDeploymentPostprocessing = 0;
		};
		2A7C43282C32330600B40253 /* Sources */ = {
			isa = PBXSourcesBuildPhase;
			buildActionMask = 2147483647;
			files = (
				2A7C43332C32330600B40253 /* aatravelappUITestsLaunchTests.swift in Sources */,
				2A7C43312C32330600B40253 /* aatravelappUITests.swift in Sources */,
			);
			runOnlyForDeploymentPostprocessing = 0;
		};
/* End PBXSourcesBuildPhase section */

/* Begin PBXTargetDependency section */
		2A7C43242C32330600B40253 /* PBXTargetDependency */ = {
			isa = PBXTargetDependency;
			target = 2A7C43102C32330500B40253 /* aatravelapp */;
			targetProxy = 2A7C43232C32330600B40253 /* PBXContainerItemProxy */;
		};
		2A7C432E2C32330600B40253 /* PBXTargetDependency */ = {
			isa = PBXTargetDependency;
			target = 2A7C43102C32330500B40253 /* aatravelapp */;
			targetProxy = 2A7C432D2C32330600B40253 /* PBXContainerItemProxy */;
		};
/* End PBXTargetDependency section */

/* Begin XCBuildConfiguration section */
		2A7C43342C32330600B40253 /* Debug */ = {
			isa = XCBuildConfiguration;
			buildSettings = {
				ALWAYS_SEARCH_USER_PATHS = NO;
				ASSETCATALOG_COMPILER_GENERATE_SWIFT_ASSET_SYMBOL_EXTENSIONS = YES;
				CLANG_ANALYZER_NONNULL = YES;
				CLANG_ANALYZER_NUMBER_OBJECT_CONVERSION = YES_AGGRESSIVE;
				CLANG_CXX_LANGUAGE_STANDARD = "gnu++20";
				CLANG_ENABLE_MODULES = YES;
				CLANG_ENABLE_OBJC_ARC = YES;
				CLANG_ENABLE_OBJC_WEAK = YES;
				CLANG_WARN_BLOCK_CAPTURE_AUTORELEASING = YES;
				CLANG_WARN_BOOL_CONVERSION = YES;
				CLANG_WARN_COMMA = YES;
				CLANG_WARN_CONSTANT_CONVERSION = YES;
				CLANG_WARN_DEPRECATED_OBJC_IMPLEMENTATIONS = YES;
				CLANG_WARN_DIRECT_OBJC_ISA_USAGE = YES_ERROR;
				CLANG_WARN_DOCUMENTATION_COMMENTS = YES;
				CLANG_WARN_EMPTY_BODY = YES;
				CLANG_WARN_ENUM_CONVERSION = YES;
				CLANG_WARN_INFINITE_RECURSION = YES;
				CLANG_WARN_INT_CONVERSION = YES;
				CLANG_WARN_NON_LITERAL_NULL_CONVERSION = YES;
				CLANG_WARN_OBJC_IMPLICIT_RETAIN_SELF = YES;
				CLANG_WARN_OBJC_LITERAL_CONVERSION = YES;
				CLANG_WARN_OBJC_ROOT_CLASS = YES_ERROR;
				CLANG_WARN_QUOTED_INCLUDE_IN_FRAMEWORK_HEADER = YES;
				CLANG_WARN_RANGE_LOOP_ANALYSIS = YES;
				CLANG_WARN_STRICT_PROTOTYPES = YES;
				CLANG_WARN_SUSPICIOUS_MOVE = YES;
				CLANG_WARN_UNGUARDED_AVAILABILITY = YES_AGGRESSIVE;
				CLANG_WARN_UNREACHABLE_CODE = YES;
				CLANG_WARN__DUPLICATE_METHOD_MATCH = YES;
				COPY_PHASE_STRIP = NO;
				DEBUG_INFORMATION_FORMAT = dwarf;
				ENABLE_STRICT_OBJC_MSGSEND = YES;
				ENABLE_TESTABILITY = YES;
				ENABLE_USER_SCRIPT_SANDBOXING = YES;
				GCC_C_LANGUAGE_STANDARD = gnu17;
				GCC_DYNAMIC_NO_PIC = NO;
				GCC_NO_COMMON_BLOCKS = YES;
				GCC_OPTIMIZATION_LEVEL = 0;
				GCC_PREPROCESSOR_DEFINITIONS = (
					"DEBUG=1",
					"$(inherited)",
				);
				GCC_WARN_64_TO_32_BIT_CONVERSION = YES;
				GCC_WARN_ABOUT_RETURN_TYPE = YES_ERROR;
				GCC_WARN_UNDECLARED_SELECTOR = YES;
				GCC_WARN_UNINITIALIZED_AUTOS = YES_AGGRESSIVE;
				GCC_WARN_UNUSED_FUNCTION = YES;
				GCC_WARN_UNUSED_VARIABLE = YES;
				LOCALIZATION_PREFERS_STRING_CATALOGS = YES;
				MTL_ENABLE_DEBUG_INFO = INCLUDE_SOURCE;
				MTL_FAST_MATH = YES;
				ONLY_ACTIVE_ARCH = YES;
				SWIFT_ACTIVE_COMPILATION_CONDITIONS = "DEBUG $(inherited)";
				SWIFT_OPTIMIZATION_LEVEL = "-Onone";
			};
			name = Debug;
		};
		2A7C43352C32330600B40253 /* Release */ = {
			isa = XCBuildConfiguration;
			buildSettings = {
				ALWAYS_SEARCH_USER_PATHS = NO;
				ASSETCATALOG_COMPILER_GENERATE_SWIFT_ASSET_SYMBOL_EXTENSIONS = YES;
				CLANG_ANALYZER_NONNULL = YES;
				CLANG_ANALYZER_NUMBER_OBJECT_CONVERSION = YES_AGGRESSIVE;
				CLANG_CXX_LANGUAGE_STANDARD = "gnu++20";
				CLANG_ENABLE_MODULES = YES;
				CLANG_ENABLE_OBJC_ARC = YES;
				CLANG_ENABLE_OBJC_WEAK = YES;
				CLANG_WARN_BLOCK_CAPTURE_AUTORELEASING = YES;
				CLANG_WARN_BOOL_CONVERSION = YES;
				CLANG_WARN_COMMA = YES;
				CLANG_WARN_CONSTANT_CONVERSION = YES;
				CLANG_WARN_DEPRECATED_OBJC_IMPLEMENTATIONS = YES;
				CLANG_WARN_DIRECT_OBJC_ISA_USAGE = YES_ERROR;
				CLANG_WARN_DOCUMENTATION_COMMENTS = YES;
				CLANG_WARN_EMPTY_BODY = YES;
				CLANG_WARN_ENUM_CONVERSION = YES;
				CLANG_WARN_INFINITE_RECURSION = YES;
				CLANG_WARN_INT_CONVERSION = YES;
				CLANG_WARN_NON_LITERAL_NULL_CONVERSION = YES;
				CLANG_WARN_OBJC_IMPLICIT_RETAIN_SELF = YES;
				CLANG_WARN_OBJC_LITERAL_CONVERSION = YES;
				CLANG_WARN_OBJC_ROOT_CLASS = YES_ERROR;
				CLANG_WARN_QUOTED_INCLUDE_IN_FRAMEWORK_HEADER = YES;
				CLANG_WARN_RANGE_LOOP_ANALYSIS = YES;
				CLANG_WARN_STRICT_PROTOTYPES = YES;
				CLANG_WARN_SUSPICIOUS_MOVE = YES;
				CLANG_WARN_UNGUARDED_AVAILABILITY = YES_AGGRESSIVE;
				CLANG_WARN_UNREACHABLE_CODE = YES;
				CLANG_WARN__DUPLICATE_METHOD_MATCH = YES;
				COPY_PHASE_STRIP = NO;
				DEBUG_INFORMATION_FORMAT = "dwarf-with-dsym";
				ENABLE_NS_ASSERTIONS = NO;
				ENABLE_STRICT_OBJC_MSGSEND = YES;
				ENABLE_USER_SCRIPT_SANDBOXING = YES;
				GCC_C_LANGUAGE_STANDARD = gnu17;
				GCC_NO_COMMON_BLOCKS = YES;
				GCC_WARN_64_TO_32_BIT_CONVERSION = YES;
				GCC_WARN_ABOUT_RETURN_TYPE = YES_ERROR;
				GCC_WARN_UNDECLARED_SELECTOR = YES;
				GCC_WARN_UNINITIALIZED_AUTOS = YES_AGGRESSIVE;
				GCC_WARN_UNUSED_FUNCTION = YES;
				GCC_WARN_UNUSED_VARIABLE = YES;
				LOCALIZATION_PREFERS_STRING_CATALOGS = YES;
				MTL_ENABLE_DEBUG_INFO = NO;
				MTL_FAST_MATH = YES;
				SWIFT_COMPILATION_MODE = wholemodule;
			};
			name = Release;
		};
		2A7C43372C32330600B40253 /* Debug */ = {
			isa = XCBuildConfiguration;
			buildSettings = {
				ASSETCATALOG_COMPILER_APPICON_NAME = AppIcon;
				ASSETCATALOG_COMPILER_GLOBAL_ACCENT_COLOR_NAME = AccentColor;
				CODE_SIGN_ENTITLEMENTS = aatravelapp/aatravelapp.entitlements;
				CODE_SIGN_STYLE = Automatic;
				CURRENT_PROJECT_VERSION = 1;
				DEVELOPMENT_ASSET_PATHS = "\"aatravelapp/Preview Content\"";
				ENABLE_PREVIEWS = YES;
				GENERATE_INFOPLIST_FILE = YES;
				"INFOPLIST_KEY_UIApplicationSceneManifest_Generation[sdk=iphoneos*]" = YES;
				"INFOPLIST_KEY_UIApplicationSceneManifest_Generation[sdk=iphonesimulator*]" = YES;
				"INFOPLIST_KEY_UIApplicationSupportsIndirectInputEvents[sdk=iphoneos*]" = YES;
				"INFOPLIST_KEY_UIApplicationSupportsIndirectInputEvents[sdk=iphonesimulator*]" = YES;
				"INFOPLIST_KEY_UILaunchScreen_Generation[sdk=iphoneos*]" = YES;
				"INFOPLIST_KEY_UILaunchScreen_Generation[sdk=iphonesimulator*]" = YES;
				"INFOPLIST_KEY_UIStatusBarStyle[sdk=iphoneos*]" = UIStatusBarStyleDefault;
				"INFOPLIST_KEY_UIStatusBarStyle[sdk=iphonesimulator*]" = UIStatusBarStyleDefault;
				INFOPLIST_KEY_UISupportedInterfaceOrientations_iPad = "UIInterfaceOrientationPortrait UIInterfaceOrientationPortraitUpsideDown UIInterfaceOrientationLandscapeLeft UIInterfaceOrientationLandscapeRight";
				INFOPLIST_KEY_UISupportedInterfaceOrientations_iPhone = "UIInterfaceOrientationPortrait UIInterfaceOrientationLandscapeLeft UIInterfaceOrientationLandscapeRight";
				IPHONEOS_DEPLOYMENT_TARGET = 17.2;
				LD_RUNPATH_SEARCH_PATHS = "@executable_path/Frameworks";
				"LD_RUNPATH_SEARCH_PATHS[sdk=macosx*]" = "@executable_path/../Frameworks";
				MACOSX_DEPLOYMENT_TARGET = 14.2;
				MARKETING_VERSION = 1.0;
				PRODUCT_BUNDLE_IDENTIFIER = "Arteom-Avetissian.aatravelapp";
				PRODUCT_NAME = "$(TARGET_NAME)";
				SDKROOT = auto;
				SUPPORTED_PLATFORMS = "iphoneos iphonesimulator macosx";
				SWIFT_EMIT_LOC_STRINGS = YES;
				SWIFT_VERSION = 5.0;
				TARGETED_DEVICE_FAMILY = "1,2";
			};
			name = Debug;
		};
		2A7C43382C32330600B40253 /* Release */ = {
			isa = XCBuildConfiguration;
			buildSettings = {
				ASSETCATALOG_COMPILER_APPICON_NAME = AppIcon;
				ASSETCATALOG_COMPILER_GLOBAL_ACCENT_COLOR_NAME = AccentColor;
				CODE_SIGN_ENTITLEMENTS = aatravelapp/aatravelapp.entitlements;
				CODE_SIGN_STYLE = Automatic;
				CURRENT_PROJECT_VERSION = 1;
				DEVELOPMENT_ASSET_PATHS = "\"aatravelapp/Preview Content\"";
				ENABLE_PREVIEWS = YES;
				GENERATE_INFOPLIST_FILE = YES;
				"INFOPLIST_KEY_UIApplicationSceneManifest_Generation[sdk=iphoneos*]" = YES;
				"INFOPLIST_KEY_UIApplicationSceneManifest_Generation[sdk=iphonesimulator*]" = YES;
				"INFOPLIST_KEY_UIApplicationSupportsIndirectInputEvents[sdk=iphoneos*]" = YES;
				"INFOPLIST_KEY_UIApplicationSupportsIndirectInputEvents[sdk=iphonesimulator*]" = YES;
				"INFOPLIST_KEY_UILaunchScreen_Generation[sdk=iphoneos*]" = YES;
				"INFOPLIST_KEY_UILaunchScreen_Generation[sdk=iphonesimulator*]" = YES;
				"INFOPLIST_KEY_UIStatusBarStyle[sdk=iphoneos*]" = UIStatusBarStyleDefault;
				"INFOPLIST_KEY_UIStatusBarStyle[sdk=iphonesimulator*]" = UIStatusBarStyleDefault;
				INFOPLIST_KEY_UISupportedInterfaceOrientations_iPad = "UIInterfaceOrientationPortrait UIInterfaceOrientationPortraitUpsideDown UIInterfaceOrientationLandscapeLeft UIInterfaceOrientationLandscapeRight";
				INFOPLIST_KEY_UISupportedInterfaceOrientations_iPhone = "UIInterfaceOrientationPortrait UIInterfaceOrientationLandscapeLeft UIInterfaceOrientationLandscapeRight";
				IPHONEOS_DEPLOYMENT_TARGET = 17.2;
				LD_RUNPATH_SEARCH_PATHS = "@executable_path/Frameworks";
				"LD_RUNPATH_SEARCH_PATHS[sdk=macosx*]" = "@executable_path/../Frameworks";
				MACOSX_DEPLOYMENT_TARGET = 14.2;
				MARKETING_VERSION = 1.0;
				PRODUCT_BUNDLE_IDENTIFIER = "Arteom-Avetissian.aatravelapp";
				PRODUCT_NAME = "$(TARGET_NAME)";
				SDKROOT = auto;
				SUPPORTED_PLATFORMS = "iphoneos iphonesimulator macosx";
				SWIFT_EMIT_LOC_STRINGS = YES;
				SWIFT_VERSION = 5.0;
				TARGETED_DEVICE_FAMILY = "1,2";
			};
			name = Release;
		};
		2A7C433A2C32330600B40253 /* Debug */ = {
			isa = XCBuildConfiguration;
			buildSettings = {
				ALWAYS_EMBED_SWIFT_STANDARD_LIBRARIES = YES;
				BUNDLE_LOADER = "$(TEST_HOST)";
				CODE_SIGN_STYLE = Automatic;
				CURRENT_PROJECT_VERSION = 1;
				GENERATE_INFOPLIST_FILE = YES;
				IPHONEOS_DEPLOYMENT_TARGET = 17.2;
				MACOSX_DEPLOYMENT_TARGET = 14.2;
				MARKETING_VERSION = 1.0;
				PRODUCT_BUNDLE_IDENTIFIER = "Arteom-Avetissian.aatravelappTests";
				PRODUCT_NAME = "$(TARGET_NAME)";
				SDKROOT = auto;
				SUPPORTED_PLATFORMS = "iphoneos iphonesimulator macosx";
				SWIFT_EMIT_LOC_STRINGS = NO;
				SWIFT_VERSION = 5.0;
				TARGETED_DEVICE_FAMILY = "1,2";
				TEST_HOST = "$(BUILT_PRODUCTS_DIR)/aatravelapp.app/$(BUNDLE_EXECUTABLE_FOLDER_PATH)/aatravelapp";
			};
			name = Debug;
		};
		2A7C433B2C32330600B40253 /* Release */ = {
			isa = XCBuildConfiguration;
			buildSettings = {
				ALWAYS_EMBED_SWIFT_STANDARD_LIBRARIES = YES;
				BUNDLE_LOADER = "$(TEST_HOST)";
				CODE_SIGN_STYLE = Automatic;
				CURRENT_PROJECT_VERSION = 1;
				GENERATE_INFOPLIST_FILE = YES;
				IPHONEOS_DEPLOYMENT_TARGET = 17.2;
				MACOSX_DEPLOYMENT_TARGET = 14.2;
				MARKETING_VERSION = 1.0;
				PRODUCT_BUNDLE_IDENTIFIER = "Arteom-Avetissian.aatravelappTests";
				PRODUCT_NAME = "$(TARGET_NAME)";
				SDKROOT = auto;
				SUPPORTED_PLATFORMS = "iphoneos iphonesimulator macosx";
				SWIFT_EMIT_LOC_STRINGS = NO;
				SWIFT_VERSION = 5.0;
				TARGETED_DEVICE_FAMILY = "1,2";
				TEST_HOST = "$(BUILT_PRODUCTS_DIR)/aatravelapp.app/$(BUNDLE_EXECUTABLE_FOLDER_PATH)/aatravelapp";
			};
			name = Release;
		};
		2A7C433D2C32330600B40253 /* Debug */ = {
			isa = XCBuildConfiguration;
			buildSettings = {
				ALWAYS_EMBED_SWIFT_STANDARD_LIBRARIES = YES;
				CODE_SIGN_STYLE = Automatic;
				CURRENT_PROJECT_VERSION = 1;
				GENERATE_INFOPLIST_FILE = YES;
				IPHONEOS_DEPLOYMENT_TARGET = 17.2;
				MACOSX_DEPLOYMENT_TARGET = 14.2;
				MARKETING_VERSION = 1.0;
				PRODUCT_BUNDLE_IDENTIFIER = "Arteom-Avetissian.aatravelappUITests";
				PRODUCT_NAME = "$(TARGET_NAME)";
				SDKROOT = auto;
				SUPPORTED_PLATFORMS = "iphoneos iphonesimulator macosx";
				SWIFT_EMIT_LOC_STRINGS = NO;
				SWIFT_VERSION = 5.0;
				TARGETED_DEVICE_FAMILY = "1,2";
				TEST_TARGET_NAME = aatravelapp;
			};
			name = Debug;
		};
		2A7C433E2C32330600B40253 /* Release */ = {
			isa = XCBuildConfiguration;
			buildSettings = {
				ALWAYS_EMBED_SWIFT_STANDARD_LIBRARIES = YES;
				CODE_SIGN_STYLE = Automatic;
				CURRENT_PROJECT_VERSION = 1;
				GENERATE_INFOPLIST_FILE = YES;
				IPHONEOS_DEPLOYMENT_TARGET = 17.2;
				MACOSX_DEPLOYMENT_TARGET = 14.2;
				MARKETING_VERSION = 1.0;
				PRODUCT_BUNDLE_IDENTIFIER = "Arteom-Avetissian.aatravelappUITests";
				PRODUCT_NAME = "$(TARGET_NAME)";
				SDKROOT = auto;
				SUPPORTED_PLATFORMS = "iphoneos iphonesimulator macosx";
				SWIFT_EMIT_LOC_STRINGS = NO;
				SWIFT_VERSION = 5.0;
				TARGETED_DEVICE_FAMILY = "1,2";
				TEST_TARGET_NAME = aatravelapp;
			};
			name = Release;
		};
/* End XCBuildConfiguration section */

/* Begin XCConfigurationList section */
		2A7C430C2C32330500B40253 /* Build configuration list for PBXProject "aatravelapp" */ = {
			isa = XCConfigurationList;
			buildConfigurations = (
				2A7C43342C32330600B40253 /* Debug */,
				2A7C43352C32330600B40253 /* Release */,
			);
			defaultConfigurationIsVisible = 0;
			defaultConfigurationName = Release;
		};
		2A7C43362C32330600B40253 /* Build configuration list for PBXNativeTarget "aatravelapp" */ = {
			isa = XCConfigurationList;
			buildConfigurations = (
				2A7C43372C32330600B40253 /* Debug */,
				2A7C43382C32330600B40253 /* Release */,
			);
			defaultConfigurationIsVisible = 0;
			defaultConfigurationName = Release;
		};
		2A7C43392C32330600B40253 /* Build configuration list for PBXNativeTarget "aatravelappTests" */ = {
			isa = XCConfigurationList;
			buildConfigurations = (
				2A7C433A2C32330600B40253 /* Debug */,
				2A7C433B2C32330600B40253 /* Release */,
			);
			defaultConfigurationIsVisible = 0;
			defaultConfigurationName = Release;
		};
		2A7C433C2C32330600B40253 /* Build configuration list for PBXNativeTarget "aatravelappUITests" */ = {
			isa = XCConfigurationList;
			buildConfigurations = (
				2A7C433D2C32330600B40253 /* Debug */,
				2A7C433E2C32330600B40253 /* Release */,
			);
			defaultConfigurationIsVisible = 0;
			defaultConfigurationName = Release;
		};
/* End XCConfigurationList section */
	};
	rootObject = 2A7C43092C32330500B40253 /* Project object */;
}
