// !$*UTF8*$!
{
	archiveVersion = 1;
	classes = {
	};
	objectVersion = 56;
	objects = {

/* Begin PBXBuildFile section */
		2A4419222CCABA9200F4D94A /* CreatePostView.swift in Sources */ = {isa = PBXBuildFile; fileRef = 2A4419212CCABA9200F4D94A /* CreatePostView.swift */; };
		2A7C43152C32330500B40253 /* aatravelappApp.swift in Sources */ = {isa = PBXBuildFile; fileRef = 2A7C43142C32330500B40253 /* aatravelappApp.swift */; };
		2A7C43172C32330500B40253 /* ContentView.swift in Sources */ = {isa = PBXBuildFile; fileRef = 2A7C43162C32330500B40253 /* ContentView.swift */; };
		2A7C43192C32330600B40253 /* Assets.xcassets in Resources */ = {isa = PBXBuildFile; fileRef = 2A7C43182C32330600B40253 /* Assets.xcassets */; };
		2A7C431D2C32330600B40253 /* Preview Assets.xcassets in Resources */ = {isa = PBXBuildFile; fileRef = 2A7C431C2C32330600B40253 /* Preview Assets.xcassets */; };
		2A7C43272C32330600B40253 /* aatravelappTests.swift in Sources */ = {isa = PBXBuildFile; fileRef = 2A7C43262C32330600B40253 /* aatravelappTests.swift */; };
		2A7C43312C32330600B40253 /* aatravelappUITests.swift in Sources */ = {isa = PBXBuildFile; fileRef = 2A7C43302C32330600B40253 /* aatravelappUITests.swift */; };
		2A7C43332C32330600B40253 /* aatravelappUITestsLaunchTests.swift in Sources */ = {isa = PBXBuildFile; fileRef = 2A7C43322C32330600B40253 /* aatravelappUITestsLaunchTests.swift */; };
		2A7C43402C32332A00B40253 /* Account.swift in Sources */ = {isa = PBXBuildFile; fileRef = 2A7C433F2C32332A00B40253 /* Account.swift */; };
		2A7C43452C4E178A00B40253 /* AppDelegate.swift in Sources */ = {isa = PBXBuildFile; fileRef = 2A7C43442C4E178A00B40253 /* AppDelegate.swift */; };
		2A7C43472C4E188700B40253 /* GoogleSignIn.swift in Sources */ = {isa = PBXBuildFile; fileRef = 2A7C43462C4E188700B40253 /* GoogleSignIn.swift */; };
		2A7C43492C4E1DF800B40253 /* GoogleSignIn.framework in Frameworks */ = {isa = PBXBuildFile; fileRef = 2A7C43482C4E1DF800B40253 /* GoogleSignIn.framework */; };
		2A7C434B2C4E1E0500B40253 /* AppAuth.framework in Frameworks */ = {isa = PBXBuildFile; fileRef = 2A7C434A2C4E1E0500B40253 /* AppAuth.framework */; };
		2A8281F42C4E2C150024F3F6 /* GoogleService-Info.plist in Resources */ = {isa = PBXBuildFile; fileRef = 2A8281F32C4E2C150024F3F6 /* GoogleService-Info.plist */; };
		34E5397DE6AE42996AF3F45B /* Pods_aatravelapp_aatravelappUITests.framework in Frameworks */ = {isa = PBXBuildFile; fileRef = 726A5F4E74F0431A0F12430B /* Pods_aatravelapp_aatravelappUITests.framework */; };
		9786597E2C65C90E00DDDCD7 /* HomeView.swift in Sources */ = {isa = PBXBuildFile; fileRef = 9786597D2C65C90E00DDDCD7 /* HomeView.swift */; };
		978659832C681F3D00DDDCD7 /* SearchBar.swift in Sources */ = {isa = PBXBuildFile; fileRef = 978659812C681ABB00DDDCD7 /* SearchBar.swift */; };
		978659852C681FDF00DDDCD7 /* PostCard.swift in Sources */ = {isa = PBXBuildFile; fileRef = 978659842C681FDF00DDDCD7 /* PostCard.swift */; };
		97E851E12C4A18410021BFB9 /* RegisterView.swift in Sources */ = {isa = PBXBuildFile; fileRef = 97E851E02C4A18410021BFB9 /* RegisterView.swift */; };
		B640F474597EAE6D79C86029 /* Pods_aatravelapp.framework in Frameworks */ = {isa = PBXBuildFile; fileRef = A60ED78594B0BB490100084D /* Pods_aatravelapp.framework */; };
		FBB9B4C02E0CF7DD864F01DC /* Pods_aatravelappTests.framework in Frameworks */ = {isa = PBXBuildFile; fileRef = 0642795FA1DCADB9D3136B71 /* Pods_aatravelappTests.framework */; };
/* End PBXBuildFile section */

/* Begin PBXContainerItemProxy section */
		2A7C43232C32330600B40253 /* PBXContainerItemProxy */ = {
			isa = PBXContainerItemProxy;
			containerPortal = 2A7C43092C32330500B40253 /* Project object */;
			proxyType = 1;
			remoteGlobalIDString = 2A7C43102C32330500B40253;
			remoteInfo = aatravelapp;
		};
		2A7C432D2C32330600B40253 /* PBXContainerItemProxy */ = {
			isa = PBXContainerItemProxy;
			containerPortal = 2A7C43092C32330500B40253 /* Project object */;
			proxyType = 1;
			remoteGlobalIDString = 2A7C43102C32330500B40253;
			remoteInfo = aatravelapp;
		};
/* End PBXContainerItemProxy section */

/* Begin PBXFileReference section */
		0642795FA1DCADB9D3136B71 /* Pods_aatravelappTests.framework */ = {isa = PBXFileReference; explicitFileType = wrapper.framework; includeInIndex = 0; path = Pods_aatravelappTests.framework; sourceTree = BUILT_PRODUCTS_DIR; };
		2A4419212CCABA9200F4D94A /* CreatePostView.swift */ = {isa = PBXFileReference; lastKnownFileType = sourcecode.swift; path = CreatePostView.swift; sourceTree = "<group>"; };
		2A7C43112C32330500B40253 /* aatravelapp.app */ = {isa = PBXFileReference; explicitFileType = wrapper.application; includeInIndex = 0; path = aatravelapp.app; sourceTree = BUILT_PRODUCTS_DIR; };
		2A7C43142C32330500B40253 /* aatravelappApp.swift */ = {isa = PBXFileReference; lastKnownFileType = sourcecode.swift; path = aatravelappApp.swift; sourceTree = "<group>"; };
		2A7C43162C32330500B40253 /* ContentView.swift */ = {isa = PBXFileReference; lastKnownFileType = sourcecode.swift; path = ContentView.swift; sourceTree = "<group>"; };
		2A7C43182C32330600B40253 /* Assets.xcassets */ = {isa = PBXFileReference; lastKnownFileType = folder.assetcatalog; path = Assets.xcassets; sourceTree = "<group>"; };
		2A7C431A2C32330600B40253 /* aatravelapp.entitlements */ = {isa = PBXFileReference; lastKnownFileType = text.plist.entitlements; path = aatravelapp.entitlements; sourceTree = "<group>"; };
		2A7C431C2C32330600B40253 /* Preview Assets.xcassets */ = {isa = PBXFileReference; lastKnownFileType = folder.assetcatalog; path = "Preview Assets.xcassets"; sourceTree = "<group>"; };
		2A7C43222C32330600B40253 /* aatravelappTests.xctest */ = {isa = PBXFileReference; explicitFileType = wrapper.cfbundle; includeInIndex = 0; path = aatravelappTests.xctest; sourceTree = BUILT_PRODUCTS_DIR; };
		2A7C43262C32330600B40253 /* aatravelappTests.swift */ = {isa = PBXFileReference; lastKnownFileType = sourcecode.swift; path = aatravelappTests.swift; sourceTree = "<group>"; };
		2A7C432C2C32330600B40253 /* aatravelappUITests.xctest */ = {isa = PBXFileReference; explicitFileType = wrapper.cfbundle; includeInIndex = 0; path = aatravelappUITests.xctest; sourceTree = BUILT_PRODUCTS_DIR; };
		2A7C43302C32330600B40253 /* aatravelappUITests.swift */ = {isa = PBXFileReference; lastKnownFileType = sourcecode.swift; path = aatravelappUITests.swift; sourceTree = "<group>"; };
		2A7C43322C32330600B40253 /* aatravelappUITestsLaunchTests.swift */ = {isa = PBXFileReference; lastKnownFileType = sourcecode.swift; path = aatravelappUITestsLaunchTests.swift; sourceTree = "<group>"; };
		2A7C433F2C32332A00B40253 /* Account.swift */ = {isa = PBXFileReference; lastKnownFileType = sourcecode.swift; path = Account.swift; sourceTree = "<group>"; };
		2A7C43442C4E178A00B40253 /* AppDelegate.swift */ = {isa = PBXFileReference; lastKnownFileType = sourcecode.swift; path = AppDelegate.swift; sourceTree = "<group>"; };
		2A7C43462C4E188700B40253 /* GoogleSignIn.swift */ = {isa = PBXFileReference; lastKnownFileType = sourcecode.swift; path = GoogleSignIn.swift; sourceTree = "<group>"; };
		2A7C43482C4E1DF800B40253 /* GoogleSignIn.framework */ = {isa = PBXFileReference; explicitFileType = wrapper.framework; path = GoogleSignIn.framework; sourceTree = BUILT_PRODUCTS_DIR; };
		2A7C434A2C4E1E0500B40253 /* AppAuth.framework */ = {isa = PBXFileReference; explicitFileType = wrapper.framework; path = AppAuth.framework; sourceTree = BUILT_PRODUCTS_DIR; };
		2A8281F32C4E2C150024F3F6 /* GoogleService-Info.plist */ = {isa = PBXFileReference; fileEncoding = 4; lastKnownFileType = text.plist.xml; path = "GoogleService-Info.plist"; sourceTree = "<group>"; };
		2A8281F72C4E2D360024F3F6 /* Info.plist */ = {isa = PBXFileReference; lastKnownFileType = text.plist.xml; path = Info.plist; sourceTree = "<group>"; };
		2B6DC0DC07D31C02FCD4002D /* Pods-aatravelapp.release.xcconfig */ = {isa = PBXFileReference; includeInIndex = 1; lastKnownFileType = text.xcconfig; name = "Pods-aatravelapp.release.xcconfig"; path = "Target Support Files/Pods-aatravelapp/Pods-aatravelapp.release.xcconfig"; sourceTree = "<group>"; };
		60062DF8A191CDFE4BB1F4CD /* Pods-aatravelappTests.release.xcconfig */ = {isa = PBXFileReference; includeInIndex = 1; lastKnownFileType = text.xcconfig; name = "Pods-aatravelappTests.release.xcconfig"; path = "Target Support Files/Pods-aatravelappTests/Pods-aatravelappTests.release.xcconfig"; sourceTree = "<group>"; };
		71E3F7357F0B6F80B9A0286E /* Pods-aatravelapp-aatravelappUITests.release.xcconfig */ = {isa = PBXFileReference; includeInIndex = 1; lastKnownFileType = text.xcconfig; name = "Pods-aatravelapp-aatravelappUITests.release.xcconfig"; path = "Target Support Files/Pods-aatravelapp-aatravelappUITests/Pods-aatravelapp-aatravelappUITests.release.xcconfig"; sourceTree = "<group>"; };
		726A5F4E74F0431A0F12430B /* Pods_aatravelapp_aatravelappUITests.framework */ = {isa = PBXFileReference; explicitFileType = wrapper.framework; includeInIndex = 0; path = Pods_aatravelapp_aatravelappUITests.framework; sourceTree = BUILT_PRODUCTS_DIR; };
		80783D41956275E623836112 /* Pods-aatravelapp-aatravelappUITests.debug.xcconfig */ = {isa = PBXFileReference; includeInIndex = 1; lastKnownFileType = text.xcconfig; name = "Pods-aatravelapp-aatravelappUITests.debug.xcconfig"; path = "Target Support Files/Pods-aatravelapp-aatravelappUITests/Pods-aatravelapp-aatravelappUITests.debug.xcconfig"; sourceTree = "<group>"; };
		9786597D2C65C90E00DDDCD7 /* HomeView.swift */ = {isa = PBXFileReference; lastKnownFileType = sourcecode.swift; path = HomeView.swift; sourceTree = "<group>"; };
		978659812C681ABB00DDDCD7 /* SearchBar.swift */ = {isa = PBXFileReference; lastKnownFileType = sourcecode.swift; path = SearchBar.swift; sourceTree = "<group>"; };
		978659842C681FDF00DDDCD7 /* PostCard.swift */ = {isa = PBXFileReference; lastKnownFileType = sourcecode.swift; path = PostCard.swift; sourceTree = "<group>"; };
		97E851E02C4A18410021BFB9 /* RegisterView.swift */ = {isa = PBXFileReference; lastKnownFileType = sourcecode.swift; path = RegisterView.swift; sourceTree = "<group>"; };
		A60ED78594B0BB490100084D /* Pods_aatravelapp.framework */ = {isa = PBXFileReference; explicitFileType = wrapper.framework; includeInIndex = 0; path = Pods_aatravelapp.framework; sourceTree = BUILT_PRODUCTS_DIR; };
		CF71FB37E23D25A0CAB8BFB9 /* Pods-aatravelapp.debug.xcconfig */ = {isa = PBXFileReference; includeInIndex = 1; lastKnownFileType = text.xcconfig; name = "Pods-aatravelapp.debug.xcconfig"; path = "Target Support Files/Pods-aatravelapp/Pods-aatravelapp.debug.xcconfig"; sourceTree = "<group>"; };
		DB45B190568D8FC43EB49BEC /* Pods-aatravelappTests.debug.xcconfig */ = {isa = PBXFileReference; includeInIndex = 1; lastKnownFileType = text.xcconfig; name = "Pods-aatravelappTests.debug.xcconfig"; path = "Target Support Files/Pods-aatravelappTests/Pods-aatravelappTests.debug.xcconfig"; sourceTree = "<group>"; };
/* End PBXFileReference section */

/* Begin PBXFrameworksBuildPhase section */
		2A7C430E2C32330500B40253 /* Frameworks */ = {
			isa = PBXFrameworksBuildPhase;
			buildActionMask = 2147483647;
			files = (
				2A7C434B2C4E1E0500B40253 /* AppAuth.framework in Frameworks */,
				2A7C43492C4E1DF800B40253 /* GoogleSignIn.framework in Frameworks */,
				B640F474597EAE6D79C86029 /* Pods_aatravelapp.framework in Frameworks */,
			);
			runOnlyForDeploymentPostprocessing = 0;
		};
		2A7C431F2C32330600B40253 /* Frameworks */ = {
			isa = PBXFrameworksBuildPhase;
			buildActionMask = 2147483647;
			files = (
				FBB9B4C02E0CF7DD864F01DC /* Pods_aatravelappTests.framework in Frameworks */,
			);
			runOnlyForDeploymentPostprocessing = 0;
		};
		2A7C43292C32330600B40253 /* Frameworks */ = {
			isa = PBXFrameworksBuildPhase;
			buildActionMask = 2147483647;
			files = (
				34E5397DE6AE42996AF3F45B /* Pods_aatravelapp_aatravelappUITests.framework in Frameworks */,
			);
			runOnlyForDeploymentPostprocessing = 0;
		};
/* End PBXFrameworksBuildPhase section */

/* Begin PBXGroup section */
		2A7C43082C32330500B40253 = {
			isa = PBXGroup;
			children = (
				2A8281F32C4E2C150024F3F6 /* GoogleService-Info.plist */,
				2A7C43132C32330500B40253 /* aatravelapp */,
				2A7C43252C32330600B40253 /* aatravelappTests */,
				2A7C432F2C32330600B40253 /* aatravelappUITests */,
				2A7C43122C32330500B40253 /* Products */,
				D3A41F312204D1F605B6F4EE /* Pods */,
				AF9D06FC08701A1B99D722F2 /* Frameworks */,
			);
			sourceTree = "<group>";
		};
		2A7C43122C32330500B40253 /* Products */ = {
			isa = PBXGroup;
			children = (
				2A7C43112C32330500B40253 /* aatravelapp.app */,
				2A7C43222C32330600B40253 /* aatravelappTests.xctest */,
				2A7C432C2C32330600B40253 /* aatravelappUITests.xctest */,
			);
			name = Products;
			sourceTree = "<group>";
		};
		2A7C43132C32330500B40253 /* aatravelapp */ = {
			isa = PBXGroup;
			children = (
				9786597F2C67DB8200DDDCD7 /* Components */,
				9786597C2C65C8C300DDDCD7 /* Views */,
				2A8281F72C4E2D360024F3F6 /* Info.plist */,
				2A7C43142C32330500B40253 /* aatravelappApp.swift */,
				2A7C433F2C32332A00B40253 /* Account.swift */,
				2A7C43182C32330600B40253 /* Assets.xcassets */,
				2A7C431A2C32330600B40253 /* aatravelapp.entitlements */,
				2A7C431B2C32330600B40253 /* Preview Content */,
				2A7C43442C4E178A00B40253 /* AppDelegate.swift */,
				2A7C43462C4E188700B40253 /* GoogleSignIn.swift */,
			);
			path = aatravelapp;
			sourceTree = "<group>";
		};
		2A7C431B2C32330600B40253 /* Preview Content */ = {
			isa = PBXGroup;
			children = (
				2A7C431C2C32330600B40253 /* Preview Assets.xcassets */,
			);
			path = "Preview Content";
			sourceTree = "<group>";
		};
		2A7C43252C32330600B40253 /* aatravelappTests */ = {
			isa = PBXGroup;
			children = (
				2A7C43262C32330600B40253 /* aatravelappTests.swift */,
			);
			path = aatravelappTests;
			sourceTree = "<group>";
		};
		2A7C432F2C32330600B40253 /* aatravelappUITests */ = {
			isa = PBXGroup;
			children = (
				2A7C43302C32330600B40253 /* aatravelappUITests.swift */,
				2A7C43322C32330600B40253 /* aatravelappUITestsLaunchTests.swift */,
			);
			path = aatravelappUITests;
			sourceTree = "<group>";
		};
		9786597C2C65C8C300DDDCD7 /* Views */ = {
			isa = PBXGroup;
			children = (
				97E851E02C4A18410021BFB9 /* RegisterView.swift */,
				9786597D2C65C90E00DDDCD7 /* HomeView.swift */,
				2A7C43162C32330500B40253 /* ContentView.swift */,
				2A4419212CCABA9200F4D94A /* CreatePostView.swift */,
			);
			path = Views;
			sourceTree = "<group>";
		};
		9786597F2C67DB8200DDDCD7 /* Components */ = {
			isa = PBXGroup;
			children = (
				978659802C67DC1000DDDCD7 /* Home */,
			);
			path = Components;
			sourceTree = "<group>";
		};
		978659802C67DC1000DDDCD7 /* Home */ = {
			isa = PBXGroup;
			children = (
				978659812C681ABB00DDDCD7 /* SearchBar.swift */,
				978659842C681FDF00DDDCD7 /* PostCard.swift */,
			);
			path = Home;
			sourceTree = "<group>";
		};
		AF9D06FC08701A1B99D722F2 /* Frameworks */ = {
			isa = PBXGroup;
			children = (
				2A7C434A2C4E1E0500B40253 /* AppAuth.framework */,
				2A7C43482C4E1DF800B40253 /* GoogleSignIn.framework */,
				A60ED78594B0BB490100084D /* Pods_aatravelapp.framework */,
				726A5F4E74F0431A0F12430B /* Pods_aatravelapp_aatravelappUITests.framework */,
				0642795FA1DCADB9D3136B71 /* Pods_aatravelappTests.framework */,
			);
			name = Frameworks;
			sourceTree = "<group>";
		};
		D3A41F312204D1F605B6F4EE /* Pods */ = {
			isa = PBXGroup;
			children = (
				CF71FB37E23D25A0CAB8BFB9 /* Pods-aatravelapp.debug.xcconfig */,
				2B6DC0DC07D31C02FCD4002D /* Pods-aatravelapp.release.xcconfig */,
				80783D41956275E623836112 /* Pods-aatravelapp-aatravelappUITests.debug.xcconfig */,
				71E3F7357F0B6F80B9A0286E /* Pods-aatravelapp-aatravelappUITests.release.xcconfig */,
				DB45B190568D8FC43EB49BEC /* Pods-aatravelappTests.debug.xcconfig */,
				60062DF8A191CDFE4BB1F4CD /* Pods-aatravelappTests.release.xcconfig */,
			);
			path = Pods;
			sourceTree = "<group>";
		};
/* End PBXGroup section */

/* Begin PBXNativeTarget section */
		2A7C43102C32330500B40253 /* aatravelapp */ = {
			isa = PBXNativeTarget;
			buildConfigurationList = 2A7C43362C32330600B40253 /* Build configuration list for PBXNativeTarget "aatravelapp" */;
			buildPhases = (
				9E6AD116D81FDA6001E4A9A0 /* [CP] Check Pods Manifest.lock */,
				2A7C430D2C32330500B40253 /* Sources */,
				2A7C430E2C32330500B40253 /* Frameworks */,
				2A7C430F2C32330500B40253 /* Resources */,
				125439F95631A61DA32EB7BC /* [CP] Embed Pods Frameworks */,
			);
			buildRules = (
			);
			dependencies = (
			);
			name = aatravelapp;
			productName = aatravelapp;
			productReference = 2A7C43112C32330500B40253 /* aatravelapp.app */;
			productType = "com.apple.product-type.application";
		};
		2A7C43212C32330600B40253 /* aatravelappTests */ = {
			isa = PBXNativeTarget;
			buildConfigurationList = 2A7C43392C32330600B40253 /* Build configuration list for PBXNativeTarget "aatravelappTests" */;
			buildPhases = (
				010F20983C6C6BE8C6816F2A /* [CP] Check Pods Manifest.lock */,
				2A7C431E2C32330600B40253 /* Sources */,
				2A7C431F2C32330600B40253 /* Frameworks */,
				2A7C43202C32330600B40253 /* Resources */,
			);
			buildRules = (
			);
			dependencies = (
				2A7C43242C32330600B40253 /* PBXTargetDependency */,
			);
			name = aatravelappTests;
			productName = aatravelappTests;
			productReference = 2A7C43222C32330600B40253 /* aatravelappTests.xctest */;
			productType = "com.apple.product-type.bundle.unit-test";
		};
		2A7C432B2C32330600B40253 /* aatravelappUITests */ = {
			isa = PBXNativeTarget;
			buildConfigurationList = 2A7C433C2C32330600B40253 /* Build configuration list for PBXNativeTarget "aatravelappUITests" */;
			buildPhases = (
				97A4D1E4CFF1E82754EE3ADC /* [CP] Check Pods Manifest.lock */,
				2A7C43282C32330600B40253 /* Sources */,
				2A7C43292C32330600B40253 /* Frameworks */,
				2A7C432A2C32330600B40253 /* Resources */,
				BAC31A0486F43EA256549C1D /* [CP] Embed Pods Frameworks */,
			);
			buildRules = (
			);
			dependencies = (
				2A7C432E2C32330600B40253 /* PBXTargetDependency */,
			);
			name = aatravelappUITests;
			productName = aatravelappUITests;
			productReference = 2A7C432C2C32330600B40253 /* aatravelappUITests.xctest */;
			productType = "com.apple.product-type.bundle.ui-testing";
		};
/* End PBXNativeTarget section */

/* Begin PBXProject section */
		2A7C43092C32330500B40253 /* Project object */ = {
			isa = PBXProject;
			attributes = {
				BuildIndependentTargetsInParallel = 1;
				LastSwiftUpdateCheck = 1520;
				LastUpgradeCheck = 1540;
				TargetAttributes = {
					2A7C43102C32330500B40253 = {
						CreatedOnToolsVersion = 15.2;
					};
					2A7C43212C32330600B40253 = {
						CreatedOnToolsVersion = 15.2;
						TestTargetID = 2A7C43102C32330500B40253;
					};
					2A7C432B2C32330600B40253 = {
						CreatedOnToolsVersion = 15.2;
						TestTargetID = 2A7C43102C32330500B40253;
					};
				};
			};
			buildConfigurationList = 2A7C430C2C32330500B40253 /* Build configuration list for PBXProject "aatravelapp" */;
			compatibilityVersion = "Xcode 14.0";
			developmentRegion = en;
			hasScannedForEncodings = 0;
			knownRegions = (
				en,
				Base,
			);
			mainGroup = 2A7C43082C32330500B40253;
			productRefGroup = 2A7C43122C32330500B40253 /* Products */;
			projectDirPath = "";
			projectRoot = "";
			targets = (
				2A7C43102C32330500B40253 /* aatravelapp */,
				2A7C43212C32330600B40253 /* aatravelappTests */,
				2A7C432B2C32330600B40253 /* aatravelappUITests */,
			);
		};
/* End PBXProject section */

/* Begin PBXResourcesBuildPhase section */
		2A7C430F2C32330500B40253 /* Resources */ = {
			isa = PBXResourcesBuildPhase;
			buildActionMask = 2147483647;
			files = (
				2A7C431D2C32330600B40253 /* Preview Assets.xcassets in Resources */,
				2A7C43192C32330600B40253 /* Assets.xcassets in Resources */,
				2A8281F42C4E2C150024F3F6 /* GoogleService-Info.plist in Resources */,
			);
			runOnlyForDeploymentPostprocessing = 0;
		};
		2A7C43202C32330600B40253 /* Resources */ = {
			isa = PBXResourcesBuildPhase;
			buildActionMask = 2147483647;
			files = (
			);
			runOnlyForDeploymentPostprocessing = 0;
		};
		2A7C432A2C32330600B40253 /* Resources */ = {
			isa = PBXResourcesBuildPhase;
			buildActionMask = 2147483647;
			files = (
			);
			runOnlyForDeploymentPostprocessing = 0;
		};
/* End PBXResourcesBuildPhase section */

/* Begin PBXShellScriptBuildPhase section */
		010F20983C6C6BE8C6816F2A /* [CP] Check Pods Manifest.lock */ = {
			isa = PBXShellScriptBuildPhase;
			buildActionMask = 2147483647;
			files = (
			);
			inputFileListPaths = (
			);
			inputPaths = (
				"${PODS_PODFILE_DIR_PATH}/Podfile.lock",
				"${PODS_ROOT}/Manifest.lock",
			);
			name = "[CP] Check Pods Manifest.lock";
			outputFileListPaths = (
			);
			outputPaths = (
				"$(DERIVED_FILE_DIR)/Pods-aatravelappTests-checkManifestLockResult.txt",
			);
			runOnlyForDeploymentPostprocessing = 0;
			shellPath = /bin/sh;
			shellScript = "diff \"${PODS_PODFILE_DIR_PATH}/Podfile.lock\" \"${PODS_ROOT}/Manifest.lock\" > /dev/null\nif [ $? != 0 ] ; then\n    # print error to STDERR\n    echo \"error: The sandbox is not in sync with the Podfile.lock. Run 'pod install' or update your CocoaPods installation.\" >&2\n    exit 1\nfi\n# This output is used by Xcode 'outputs' to avoid re-running this script phase.\necho \"SUCCESS\" > \"${SCRIPT_OUTPUT_FILE_0}\"\n";
			showEnvVarsInLog = 0;
		};
		125439F95631A61DA32EB7BC /* [CP] Embed Pods Frameworks */ = {
			isa = PBXShellScriptBuildPhase;
			buildActionMask = 2147483647;
			files = (
			);
			inputFileListPaths = (
				"${PODS_ROOT}/Target Support Files/Pods-aatravelapp/Pods-aatravelapp-frameworks-${CONFIGURATION}-input-files.xcfilelist",
			);
			name = "[CP] Embed Pods Frameworks";
			outputFileListPaths = (
				"${PODS_ROOT}/Target Support Files/Pods-aatravelapp/Pods-aatravelapp-frameworks-${CONFIGURATION}-output-files.xcfilelist",
			);
			runOnlyForDeploymentPostprocessing = 0;
			shellPath = /bin/sh;
			shellScript = "\"${PODS_ROOT}/Target Support Files/Pods-aatravelapp/Pods-aatravelapp-frameworks.sh\"\n";
			showEnvVarsInLog = 0;
		};
		97A4D1E4CFF1E82754EE3ADC /* [CP] Check Pods Manifest.lock */ = {
			isa = PBXShellScriptBuildPhase;
			buildActionMask = 2147483647;
			files = (
			);
			inputFileListPaths = (
			);
			inputPaths = (
				"${PODS_PODFILE_DIR_PATH}/Podfile.lock",
				"${PODS_ROOT}/Manifest.lock",
			);
			name = "[CP] Check Pods Manifest.lock";
			outputFileListPaths = (
			);
			outputPaths = (
				"$(DERIVED_FILE_DIR)/Pods-aatravelapp-aatravelappUITests-checkManifestLockResult.txt",
			);
			runOnlyForDeploymentPostprocessing = 0;
			shellPath = /bin/sh;
			shellScript = "diff \"${PODS_PODFILE_DIR_PATH}/Podfile.lock\" \"${PODS_ROOT}/Manifest.lock\" > /dev/null\nif [ $? != 0 ] ; then\n    # print error to STDERR\n    echo \"error: The sandbox is not in sync with the Podfile.lock. Run 'pod install' or update your CocoaPods installation.\" >&2\n    exit 1\nfi\n# This output is used by Xcode 'outputs' to avoid re-running this script phase.\necho \"SUCCESS\" > \"${SCRIPT_OUTPUT_FILE_0}\"\n";
			showEnvVarsInLog = 0;
		};
		9E6AD116D81FDA6001E4A9A0 /* [CP] Check Pods Manifest.lock */ = {
			isa = PBXShellScriptBuildPhase;
			buildActionMask = 2147483647;
			files = (
			);
			inputFileListPaths = (
			);
			inputPaths = (
				"${PODS_PODFILE_DIR_PATH}/Podfile.lock",
				"${PODS_ROOT}/Manifest.lock",
			);
			name = "[CP] Check Pods Manifest.lock";
			outputFileListPaths = (
			);
			outputPaths = (
				"$(DERIVED_FILE_DIR)/Pods-aatravelapp-checkManifestLockResult.txt",
			);
			runOnlyForDeploymentPostprocessing = 0;
			shellPath = /bin/sh;
			shellScript = "diff \"${PODS_PODFILE_DIR_PATH}/Podfile.lock\" \"${PODS_ROOT}/Manifest.lock\" > /dev/null\nif [ $? != 0 ] ; then\n    # print error to STDERR\n    echo \"error: The sandbox is not in sync with the Podfile.lock. Run 'pod install' or update your CocoaPods installation.\" >&2\n    exit 1\nfi\n# This output is used by Xcode 'outputs' to avoid re-running this script phase.\necho \"SUCCESS\" > \"${SCRIPT_OUTPUT_FILE_0}\"\n";
			showEnvVarsInLog = 0;
		};
		BAC31A0486F43EA256549C1D /* [CP] Embed Pods Frameworks */ = {
			isa = PBXShellScriptBuildPhase;
			buildActionMask = 2147483647;
			files = (
			);
			inputFileListPaths = (
				"${PODS_ROOT}/Target Support Files/Pods-aatravelapp-aatravelappUITests/Pods-aatravelapp-aatravelappUITests-frameworks-${CONFIGURATION}-input-files.xcfilelist",
			);
			name = "[CP] Embed Pods Frameworks";
			outputFileListPaths = (
				"${PODS_ROOT}/Target Support Files/Pods-aatravelapp-aatravelappUITests/Pods-aatravelapp-aatravelappUITests-frameworks-${CONFIGURATION}-output-files.xcfilelist",
			);
			runOnlyForDeploymentPostprocessing = 0;
			shellPath = /bin/sh;
			shellScript = "\"${PODS_ROOT}/Target Support Files/Pods-aatravelapp-aatravelappUITests/Pods-aatravelapp-aatravelappUITests-frameworks.sh\"\n";
			showEnvVarsInLog = 0;
		};
/* End PBXShellScriptBuildPhase section */

/* Begin PBXSourcesBuildPhase section */
		2A7C430D2C32330500B40253 /* Sources */ = {
			isa = PBXSourcesBuildPhase;
			buildActionMask = 2147483647;
			files = (
				2A4419222CCABA9200F4D94A /* CreatePostView.swift in Sources */,
				2A7C43472C4E188700B40253 /* GoogleSignIn.swift in Sources */,
				9786597E2C65C90E00DDDCD7 /* HomeView.swift in Sources */,
				2A7C43172C32330500B40253 /* ContentView.swift in Sources */,
				97E851E12C4A18410021BFB9 /* RegisterView.swift in Sources */,
				2A7C43152C32330500B40253 /* aatravelappApp.swift in Sources */,
				978659832C681F3D00DDDCD7 /* SearchBar.swift in Sources */,
				2A7C43452C4E178A00B40253 /* AppDelegate.swift in Sources */,
				2A7C43402C32332A00B40253 /* Account.swift in Sources */,
				978659852C681FDF00DDDCD7 /* PostCard.swift in Sources */,
			);
			runOnlyForDeploymentPostprocessing = 0;
		};
		2A7C431E2C32330600B40253 /* Sources */ = {
			isa = PBXSourcesBuildPhase;
			buildActionMask = 2147483647;
			files = (
				2A7C43272C32330600B40253 /* aatravelappTests.swift in Sources */,
			);
			runOnlyForDeploymentPostprocessing = 0;
		};
		2A7C43282C32330600B40253 /* Sources */ = {
			isa = PBXSourcesBuildPhase;
			buildActionMask = 2147483647;
			files = (
				2A7C43332C32330600B40253 /* aatravelappUITestsLaunchTests.swift in Sources */,
				2A7C43312C32330600B40253 /* aatravelappUITests.swift in Sources */,
			);
			runOnlyForDeploymentPostprocessing = 0;
		};
/* End PBXSourcesBuildPhase section */

/* Begin PBXTargetDependency section */
		2A7C43242C32330600B40253 /* PBXTargetDependency */ = {
			isa = PBXTargetDependency;
			target = 2A7C43102C32330500B40253 /* aatravelapp */;
			targetProxy = 2A7C43232C32330600B40253 /* PBXContainerItemProxy */;
		};
		2A7C432E2C32330600B40253 /* PBXTargetDependency */ = {
			isa = PBXTargetDependency;
			target = 2A7C43102C32330500B40253 /* aatravelapp */;
			targetProxy = 2A7C432D2C32330600B40253 /* PBXContainerItemProxy */;
		};
/* End PBXTargetDependency section */

/* Begin XCBuildConfiguration section */
		2A7C43342C32330600B40253 /* Debug */ = {
			isa = XCBuildConfiguration;
			buildSettings = {
				ALWAYS_SEARCH_USER_PATHS = NO;
				ASSETCATALOG_COMPILER_GENERATE_SWIFT_ASSET_SYMBOL_EXTENSIONS = YES;
				CLANG_ANALYZER_NONNULL = YES;
				CLANG_ANALYZER_NUMBER_OBJECT_CONVERSION = YES_AGGRESSIVE;
				CLANG_CXX_LANGUAGE_STANDARD = "gnu++20";
				CLANG_ENABLE_MODULES = YES;
				CLANG_ENABLE_OBJC_ARC = YES;
				CLANG_ENABLE_OBJC_WEAK = YES;
				CLANG_WARN_BLOCK_CAPTURE_AUTORELEASING = YES;
				CLANG_WARN_BOOL_CONVERSION = YES;
				CLANG_WARN_COMMA = YES;
				CLANG_WARN_CONSTANT_CONVERSION = YES;
				CLANG_WARN_DEPRECATED_OBJC_IMPLEMENTATIONS = YES;
				CLANG_WARN_DIRECT_OBJC_ISA_USAGE = YES_ERROR;
				CLANG_WARN_DOCUMENTATION_COMMENTS = YES;
				CLANG_WARN_EMPTY_BODY = YES;
				CLANG_WARN_ENUM_CONVERSION = YES;
				CLANG_WARN_INFINITE_RECURSION = YES;
				CLANG_WARN_INT_CONVERSION = YES;
				CLANG_WARN_NON_LITERAL_NULL_CONVERSION = YES;
				CLANG_WARN_OBJC_IMPLICIT_RETAIN_SELF = YES;
				CLANG_WARN_OBJC_LITERAL_CONVERSION = YES;
				CLANG_WARN_OBJC_ROOT_CLASS = YES_ERROR;
				CLANG_WARN_QUOTED_INCLUDE_IN_FRAMEWORK_HEADER = YES;
				CLANG_WARN_RANGE_LOOP_ANALYSIS = YES;
				CLANG_WARN_STRICT_PROTOTYPES = YES;
				CLANG_WARN_SUSPICIOUS_MOVE = YES;
				CLANG_WARN_UNGUARDED_AVAILABILITY = YES_AGGRESSIVE;
				CLANG_WARN_UNREACHABLE_CODE = YES;
				CLANG_WARN__DUPLICATE_METHOD_MATCH = YES;
				COPY_PHASE_STRIP = NO;
				DEAD_CODE_STRIPPING = YES;
				DEBUG_INFORMATION_FORMAT = dwarf;
				ENABLE_STRICT_OBJC_MSGSEND = YES;
				ENABLE_TESTABILITY = YES;
				ENABLE_USER_SCRIPT_SANDBOXING = NO;
				GCC_C_LANGUAGE_STANDARD = gnu17;
				GCC_DYNAMIC_NO_PIC = NO;
				GCC_NO_COMMON_BLOCKS = YES;
				GCC_OPTIMIZATION_LEVEL = 0;
				GCC_PREPROCESSOR_DEFINITIONS = (
					"DEBUG=1",
					"$(inherited)",
				);
				GCC_WARN_64_TO_32_BIT_CONVERSION = YES;
				GCC_WARN_ABOUT_RETURN_TYPE = YES_ERROR;
				GCC_WARN_UNDECLARED_SELECTOR = YES;
				GCC_WARN_UNINITIALIZED_AUTOS = YES_AGGRESSIVE;
				GCC_WARN_UNUSED_FUNCTION = YES;
				GCC_WARN_UNUSED_VARIABLE = YES;
				LOCALIZATION_PREFERS_STRING_CATALOGS = YES;
				MACOSX_DEPLOYMENT_TARGET = 14.2;
				MTL_ENABLE_DEBUG_INFO = INCLUDE_SOURCE;
				MTL_FAST_MATH = YES;
				ONLY_ACTIVE_ARCH = YES;
				SWIFT_ACTIVE_COMPILATION_CONDITIONS = "DEBUG $(inherited)";
				SWIFT_OPTIMIZATION_LEVEL = "-Onone";
			};
			name = Debug;
		};
		2A7C43352C32330600B40253 /* Release */ = {
			isa = XCBuildConfiguration;
			buildSettings = {
				ALWAYS_SEARCH_USER_PATHS = NO;
				ASSETCATALOG_COMPILER_GENERATE_SWIFT_ASSET_SYMBOL_EXTENSIONS = YES;
				CLANG_ANALYZER_NONNULL = YES;
				CLANG_ANALYZER_NUMBER_OBJECT_CONVERSION = YES_AGGRESSIVE;
				CLANG_CXX_LANGUAGE_STANDARD = "gnu++20";
				CLANG_ENABLE_MODULES = YES;
				CLANG_ENABLE_OBJC_ARC = YES;
				CLANG_ENABLE_OBJC_WEAK = YES;
				CLANG_WARN_BLOCK_CAPTURE_AUTORELEASING = YES;
				CLANG_WARN_BOOL_CONVERSION = YES;
				CLANG_WARN_COMMA = YES;
				CLANG_WARN_CONSTANT_CONVERSION = YES;
				CLANG_WARN_DEPRECATED_OBJC_IMPLEMENTATIONS = YES;
				CLANG_WARN_DIRECT_OBJC_ISA_USAGE = YES_ERROR;
				CLANG_WARN_DOCUMENTATION_COMMENTS = YES;
				CLANG_WARN_EMPTY_BODY = YES;
				CLANG_WARN_ENUM_CONVERSION = YES;
				CLANG_WARN_INFINITE_RECURSION = YES;
				CLANG_WARN_INT_CONVERSION = YES;
				CLANG_WARN_NON_LITERAL_NULL_CONVERSION = YES;
				CLANG_WARN_OBJC_IMPLICIT_RETAIN_SELF = YES;
				CLANG_WARN_OBJC_LITERAL_CONVERSION = YES;
				CLANG_WARN_OBJC_ROOT_CLASS = YES_ERROR;
				CLANG_WARN_QUOTED_INCLUDE_IN_FRAMEWORK_HEADER = YES;
				CLANG_WARN_RANGE_LOOP_ANALYSIS = YES;
				CLANG_WARN_STRICT_PROTOTYPES = YES;
				CLANG_WARN_SUSPICIOUS_MOVE = YES;
				CLANG_WARN_UNGUARDED_AVAILABILITY = YES_AGGRESSIVE;
				CLANG_WARN_UNREACHABLE_CODE = YES;
				CLANG_WARN__DUPLICATE_METHOD_MATCH = YES;
				COPY_PHASE_STRIP = NO;
				DEAD_CODE_STRIPPING = YES;
				DEBUG_INFORMATION_FORMAT = "dwarf-with-dsym";
				ENABLE_NS_ASSERTIONS = NO;
				ENABLE_STRICT_OBJC_MSGSEND = YES;
				ENABLE_USER_SCRIPT_SANDBOXING = NO;
				GCC_C_LANGUAGE_STANDARD = gnu17;
				GCC_NO_COMMON_BLOCKS = YES;
				GCC_WARN_64_TO_32_BIT_CONVERSION = YES;
				GCC_WARN_ABOUT_RETURN_TYPE = YES_ERROR;
				GCC_WARN_UNDECLARED_SELECTOR = YES;
				GCC_WARN_UNINITIALIZED_AUTOS = YES_AGGRESSIVE;
				GCC_WARN_UNUSED_FUNCTION = YES;
				GCC_WARN_UNUSED_VARIABLE = YES;
				LOCALIZATION_PREFERS_STRING_CATALOGS = YES;
				MACOSX_DEPLOYMENT_TARGET = 14.2;
				MTL_ENABLE_DEBUG_INFO = NO;
				MTL_FAST_MATH = YES;
				SWIFT_COMPILATION_MODE = wholemodule;
			};
			name = Release;
		};
		2A7C43372C32330600B40253 /* Debug */ = {
			isa = XCBuildConfiguration;
			baseConfigurationReference = CF71FB37E23D25A0CAB8BFB9 /* Pods-aatravelapp.debug.xcconfig */;
			buildSettings = {
				ASSETCATALOG_COMPILER_APPICON_NAME = AppIcon;
				ASSETCATALOG_COMPILER_GLOBAL_ACCENT_COLOR_NAME = AccentColor;
				CODE_SIGN_ENTITLEMENTS = aatravelapp/aatravelapp.entitlements;
				"CODE_SIGN_IDENTITY[sdk=macosx*]" = "-";
				CODE_SIGN_STYLE = Automatic;
				CURRENT_PROJECT_VERSION = 1;
				DEAD_CODE_STRIPPING = YES;
				DEVELOPMENT_ASSET_PATHS = "\"aatravelapp/Preview Content\"";
				ENABLE_PREVIEWS = YES;
				GENERATE_INFOPLIST_FILE = YES;
				INFOPLIST_FILE = aatravelapp/Info.plist;
				"INFOPLIST_KEY_UIApplicationSceneManifest_Generation[sdk=iphoneos*]" = YES;
				"INFOPLIST_KEY_UIApplicationSceneManifest_Generation[sdk=iphonesimulator*]" = YES;
				"INFOPLIST_KEY_UIApplicationSupportsIndirectInputEvents[sdk=iphoneos*]" = YES;
				"INFOPLIST_KEY_UIApplicationSupportsIndirectInputEvents[sdk=iphonesimulator*]" = YES;
				"INFOPLIST_KEY_UILaunchScreen_Generation[sdk=iphoneos*]" = YES;
				"INFOPLIST_KEY_UILaunchScreen_Generation[sdk=iphonesimulator*]" = YES;
				"INFOPLIST_KEY_UIStatusBarStyle[sdk=iphoneos*]" = UIStatusBarStyleDefault;
				"INFOPLIST_KEY_UIStatusBarStyle[sdk=iphonesimulator*]" = UIStatusBarStyleDefault;
				INFOPLIST_KEY_UISupportedInterfaceOrientations_iPad = "UIInterfaceOrientationPortrait UIInterfaceOrientationPortraitUpsideDown UIInterfaceOrientationLandscapeLeft UIInterfaceOrientationLandscapeRight";
				INFOPLIST_KEY_UISupportedInterfaceOrientations_iPhone = "UIInterfaceOrientationPortrait UIInterfaceOrientationLandscapeLeft UIInterfaceOrientationLandscapeRight";
				IPHONEOS_DEPLOYMENT_TARGET = 17.2;
				LD_RUNPATH_SEARCH_PATHS = "@executable_path/Frameworks";
				"LD_RUNPATH_SEARCH_PATHS[sdk=macosx*]" = "@executable_path/../Frameworks";
				MACOSX_DEPLOYMENT_TARGET = 14.2;
				MARKETING_VERSION = 1.0;
				PRODUCT_BUNDLE_IDENTIFIER = "Arteom-Avetissian.aatravelapp";
				PRODUCT_NAME = "$(TARGET_NAME)";
				SDKROOT = auto;
				SUPPORTED_PLATFORMS = "iphoneos iphonesimulator macosx";
				SWIFT_EMIT_LOC_STRINGS = YES;
				SWIFT_VERSION = 5.0;
				TARGETED_DEVICE_FAMILY = "1,2";
			};
			name = Debug;
		};
		2A7C43382C32330600B40253 /* Release */ = {
			isa = XCBuildConfiguration;
			baseConfigurationReference = 2B6DC0DC07D31C02FCD4002D /* Pods-aatravelapp.release.xcconfig */;
			buildSettings = {
				ASSETCATALOG_COMPILER_APPICON_NAME = AppIcon;
				ASSETCATALOG_COMPILER_GLOBAL_ACCENT_COLOR_NAME = AccentColor;
				CODE_SIGN_ENTITLEMENTS = aatravelapp/aatravelapp.entitlements;
				"CODE_SIGN_IDENTITY[sdk=macosx*]" = "-";
				CODE_SIGN_STYLE = Automatic;
				CURRENT_PROJECT_VERSION = 1;
				DEAD_CODE_STRIPPING = YES;
				DEVELOPMENT_ASSET_PATHS = "\"aatravelapp/Preview Content\"";
				ENABLE_PREVIEWS = YES;
				GENERATE_INFOPLIST_FILE = YES;
				INFOPLIST_FILE = aatravelapp/Info.plist;
				"INFOPLIST_KEY_UIApplicationSceneManifest_Generation[sdk=iphoneos*]" = YES;
				"INFOPLIST_KEY_UIApplicationSceneManifest_Generation[sdk=iphonesimulator*]" = YES;
				"INFOPLIST_KEY_UIApplicationSupportsIndirectInputEvents[sdk=iphoneos*]" = YES;
				"INFOPLIST_KEY_UIApplicationSupportsIndirectInputEvents[sdk=iphonesimulator*]" = YES;
				"INFOPLIST_KEY_UILaunchScreen_Generation[sdk=iphoneos*]" = YES;
				"INFOPLIST_KEY_UILaunchScreen_Generation[sdk=iphonesimulator*]" = YES;
				"INFOPLIST_KEY_UIStatusBarStyle[sdk=iphoneos*]" = UIStatusBarStyleDefault;
				"INFOPLIST_KEY_UIStatusBarStyle[sdk=iphonesimulator*]" = UIStatusBarStyleDefault;
				INFOPLIST_KEY_UISupportedInterfaceOrientations_iPad = "UIInterfaceOrientationPortrait UIInterfaceOrientationPortraitUpsideDown UIInterfaceOrientationLandscapeLeft UIInterfaceOrientationLandscapeRight";
				INFOPLIST_KEY_UISupportedInterfaceOrientations_iPhone = "UIInterfaceOrientationPortrait UIInterfaceOrientationLandscapeLeft UIInterfaceOrientationLandscapeRight";
				IPHONEOS_DEPLOYMENT_TARGET = 17.2;
				LD_RUNPATH_SEARCH_PATHS = "@executable_path/Frameworks";
				"LD_RUNPATH_SEARCH_PATHS[sdk=macosx*]" = "@executable_path/../Frameworks";
				MACOSX_DEPLOYMENT_TARGET = 14.2;
				MARKETING_VERSION = 1.0;
				PRODUCT_BUNDLE_IDENTIFIER = "Arteom-Avetissian.aatravelapp";
				PRODUCT_NAME = "$(TARGET_NAME)";
				SDKROOT = auto;
				SUPPORTED_PLATFORMS = "iphoneos iphonesimulator macosx";
				SWIFT_EMIT_LOC_STRINGS = YES;
				SWIFT_VERSION = 5.0;
				TARGETED_DEVICE_FAMILY = "1,2";
			};
			name = Release;
		};
		2A7C433A2C32330600B40253 /* Debug */ = {
			isa = XCBuildConfiguration;
			baseConfigurationReference = DB45B190568D8FC43EB49BEC /* Pods-aatravelappTests.debug.xcconfig */;
			buildSettings = {
				ALWAYS_EMBED_SWIFT_STANDARD_LIBRARIES = YES;
				BUNDLE_LOADER = "$(TEST_HOST)";
				CODE_SIGN_STYLE = Automatic;
				CURRENT_PROJECT_VERSION = 1;
				DEAD_CODE_STRIPPING = YES;
				GENERATE_INFOPLIST_FILE = YES;
				IPHONEOS_DEPLOYMENT_TARGET = 17.2;
				MACOSX_DEPLOYMENT_TARGET = 14.2;
				MARKETING_VERSION = 1.0;
				PRODUCT_BUNDLE_IDENTIFIER = "Arteom-Avetissian.aatravelappTests";
				PRODUCT_NAME = "$(TARGET_NAME)";
				SDKROOT = auto;
				SUPPORTED_PLATFORMS = "iphoneos iphonesimulator macosx";
				SWIFT_EMIT_LOC_STRINGS = NO;
				SWIFT_VERSION = 5.0;
				TARGETED_DEVICE_FAMILY = "1,2";
				TEST_HOST = "$(BUILT_PRODUCTS_DIR)/aatravelapp.app/$(BUNDLE_EXECUTABLE_FOLDER_PATH)/aatravelapp";
			};
			name = Debug;
		};
		2A7C433B2C32330600B40253 /* Release */ = {
			isa = XCBuildConfiguration;
			baseConfigurationReference = 60062DF8A191CDFE4BB1F4CD /* Pods-aatravelappTests.release.xcconfig */;
			buildSettings = {
				ALWAYS_EMBED_SWIFT_STANDARD_LIBRARIES = YES;
				BUNDLE_LOADER = "$(TEST_HOST)";
				CODE_SIGN_STYLE = Automatic;
				CURRENT_PROJECT_VERSION = 1;
				DEAD_CODE_STRIPPING = YES;
				GENERATE_INFOPLIST_FILE = YES;
				IPHONEOS_DEPLOYMENT_TARGET = 17.2;
				MACOSX_DEPLOYMENT_TARGET = 14.2;
				MARKETING_VERSION = 1.0;
				PRODUCT_BUNDLE_IDENTIFIER = "Arteom-Avetissian.aatravelappTests";
				PRODUCT_NAME = "$(TARGET_NAME)";
				SDKROOT = auto;
				SUPPORTED_PLATFORMS = "iphoneos iphonesimulator macosx";
				SWIFT_EMIT_LOC_STRINGS = NO;
				SWIFT_VERSION = 5.0;
				TARGETED_DEVICE_FAMILY = "1,2";
				TEST_HOST = "$(BUILT_PRODUCTS_DIR)/aatravelapp.app/$(BUNDLE_EXECUTABLE_FOLDER_PATH)/aatravelapp";
			};
			name = Release;
		};
		2A7C433D2C32330600B40253 /* Debug */ = {
			isa = XCBuildConfiguration;
			baseConfigurationReference = 80783D41956275E623836112 /* Pods-aatravelapp-aatravelappUITests.debug.xcconfig */;
			buildSettings = {
				ALWAYS_EMBED_SWIFT_STANDARD_LIBRARIES = YES;
				CODE_SIGN_STYLE = Automatic;
				CURRENT_PROJECT_VERSION = 1;
				DEAD_CODE_STRIPPING = YES;
				GENERATE_INFOPLIST_FILE = YES;
				IPHONEOS_DEPLOYMENT_TARGET = 17.2;
				MACOSX_DEPLOYMENT_TARGET = 14.2;
				MARKETING_VERSION = 1.0;
				PRODUCT_BUNDLE_IDENTIFIER = "Arteom-Avetissian.aatravelappUITests";
				PRODUCT_NAME = "$(TARGET_NAME)";
				SDKROOT = auto;
				SUPPORTED_PLATFORMS = "iphoneos iphonesimulator macosx";
				SWIFT_EMIT_LOC_STRINGS = NO;
				SWIFT_VERSION = 5.0;
				TARGETED_DEVICE_FAMILY = "1,2";
				TEST_TARGET_NAME = aatravelapp;
			};
			name = Debug;
		};
		2A7C433E2C32330600B40253 /* Release */ = {
			isa = XCBuildConfiguration;
			baseConfigurationReference = 71E3F7357F0B6F80B9A0286E /* Pods-aatravelapp-aatravelappUITests.release.xcconfig */;
			buildSettings = {
				ALWAYS_EMBED_SWIFT_STANDARD_LIBRARIES = YES;
				CODE_SIGN_STYLE = Automatic;
				CURRENT_PROJECT_VERSION = 1;
				DEAD_CODE_STRIPPING = YES;
				GENERATE_INFOPLIST_FILE = YES;
				IPHONEOS_DEPLOYMENT_TARGET = 17.2;
				MACOSX_DEPLOYMENT_TARGET = 14.2;
				MARKETING_VERSION = 1.0;
				PRODUCT_BUNDLE_IDENTIFIER = "Arteom-Avetissian.aatravelappUITests";
				PRODUCT_NAME = "$(TARGET_NAME)";
				SDKROOT = auto;
				SUPPORTED_PLATFORMS = "iphoneos iphonesimulator macosx";
				SWIFT_EMIT_LOC_STRINGS = NO;
				SWIFT_VERSION = 5.0;
				TARGETED_DEVICE_FAMILY = "1,2";
				TEST_TARGET_NAME = aatravelapp;
			};
			name = Release;
		};
/* End XCBuildConfiguration section */

/* Begin XCConfigurationList section */
		2A7C430C2C32330500B40253 /* Build configuration list for PBXProject "aatravelapp" */ = {
			isa = XCConfigurationList;
			buildConfigurations = (
				2A7C43342C32330600B40253 /* Debug */,
				2A7C43352C32330600B40253 /* Release */,
			);
			defaultConfigurationIsVisible = 0;
			defaultConfigurationName = Release;
		};
		2A7C43362C32330600B40253 /* Build configuration list for PBXNativeTarget "aatravelapp" */ = {
			isa = XCConfigurationList;
			buildConfigurations = (
				2A7C43372C32330600B40253 /* Debug */,
				2A7C43382C32330600B40253 /* Release */,
			);
			defaultConfigurationIsVisible = 0;
			defaultConfigurationName = Release;
		};
		2A7C43392C32330600B40253 /* Build configuration list for PBXNativeTarget "aatravelappTests" */ = {
			isa = XCConfigurationList;
			buildConfigurations = (
				2A7C433A2C32330600B40253 /* Debug */,
				2A7C433B2C32330600B40253 /* Release */,
			);
			defaultConfigurationIsVisible = 0;
			defaultConfigurationName = Release;
		};
		2A7C433C2C32330600B40253 /* Build configuration list for PBXNativeTarget "aatravelappUITests" */ = {
			isa = XCConfigurationList;
			buildConfigurations = (
				2A7C433D2C32330600B40253 /* Debug */,
				2A7C433E2C32330600B40253 /* Release */,
			);
			defaultConfigurationIsVisible = 0;
			defaultConfigurationName = Release;
		};
/* End XCConfigurationList section */
	};
	rootObject = 2A7C43092C32330500B40253 /* Project object */;
}
